
Microsoft Visual Studio Solution File, Format Version 12.00
# Visual Studio 15
VisualStudioVersion = 15.0.28307.757
MinimumVisualStudioVersion = 10.0.40219.1
Project("{9A19103F-16F7-4668-BE54-9A1E7A4F7556}") = "QuickstartIdentityServer", "QuickstartIdentityServer\QuickstartIdentityServer.csproj", "{9C7B17B4-2C9E-46F5-9AB5-B0D70ACF4897}"
EndProject
Project("{9A19103F-16F7-4668-BE54-9A1E7A4F7556}") = "QuickstartIdentityServer.Web", "QuickstartIdentityServer.Web\QuickstartIdentityServer.Web.csproj", "{5C3149C7-F567-4165-AEB2-94297889900E}"
EndProject
Project("{FAE04EC0-301F-11D3-BF4B-00C04F79EFBC}") = "EFCore", "EFCore\EFCore.csproj", "{BC37B959-622E-4B00-8AAF-C285B8B7BADF}"
EndProject
Global
	GlobalSection(SolutionConfigurationPlatforms) = preSolution
		Debug|Any CPU = Debug|Any CPU
		Release|Any CPU = Release|Any CPU
	EndGlobalSection
	GlobalSection(ProjectConfigurationPlatforms) = postSolution
		{9C7B17B4-2C9E-46F5-9AB5-B0D70ACF4897}.Debug|Any CPU.ActiveCfg = Debug|Any CPU
		{9C7B17B4-2C9E-46F5-9AB5-B0D70ACF4897}.Debug|Any CPU.Build.0 = Debug|Any CPU
		{9C7B17B4-2C9E-46F5-9AB5-B0D70ACF4897}.Release|Any CPU.ActiveCfg = Release|Any CPU
		{9C7B17B4-2C9E-46F5-9AB5-B0D70ACF4897}.Release|Any CPU.Build.0 = Release|Any CPU
		{5C3149C7-F567-4165-AEB2-94297889900E}.Debug|Any CPU.ActiveCfg = Debug|Any CPU
		{5C3149C7-F567-4165-AEB2-94297889900E}.Debug|Any CPU.Build.0 = Debug|Any CPU
		{5C3149C7-F567-4165-AEB2-94297889900E}.Release|Any CPU.ActiveCfg = Release|Any CPU
		{5C3149C7-F567-4165-AEB2-94297889900E}.Release|Any CPU.Build.0 = Release|Any CPU
		{BC37B959-622E-4B00-8AAF-C285B8B7BADF}.Debug|Any CPU.ActiveCfg = Debug|Any CPU
		{BC37B959-622E-4B00-8AAF-C285B8B7BADF}.Debug|Any CPU.Build.0 = Debug|Any CPU
		{BC37B959-622E-4B00-8AAF-C285B8B7BADF}.Release|Any CPU.ActiveCfg = Release|Any CPU
		{BC37B959-622E-4B00-8AAF-C285B8B7BADF}.Release|Any CPU.Build.0 = Release|Any CPU
	EndGlobalSection
	GlobalSection(SolutionProperties) = preSolution
		HideSolutionNode = FALSE
	EndGlobalSection
	GlobalSection(ExtensibilityGlobals) = postSolution
		SolutionGuid = {F18C409B-7452-47CF-8AA5-92B20DBD286C}
	EndGlobalSection
EndGlobal
